
Microsoft Visual Studio Solution File, Format Version 12.00
# Visual Studio 14
VisualStudioVersion = 14.0.25420.1
MinimumVisualStudioVersion = 10.0.40219.1
Project("{FAE04EC0-301F-11D3-BF4B-00C04F79EFBC}") = "UnityTC", "UnityTC\UnityTC.csproj", "{767A600E-EAFF-401D-B165-7E624C1F815E}"
EndProject
Project("{FAE04EC0-301F-11D3-BF4B-00C04F79EFBC}") = "UnityTC.CLI", "UnityTC.CLI\UnityTC.CLI.csproj", "{91A2C012-4463-4485-8746-55C7174AC952}"
EndProject
Global
	GlobalSection(SolutionConfigurationPlatforms) = preSolution
		Debug|Any CPU = Debug|Any CPU
		Release|Any CPU = Release|Any CPU
	EndGlobalSection
	GlobalSection(ProjectConfigurationPlatforms) = postSolution
		{767A600E-EAFF-401D-B165-7E624C1F815E}.Debug|Any CPU.ActiveCfg = Debug|Any CPU
		{767A600E-EAFF-401D-B165-7E624C1F815E}.Debug|Any CPU.Build.0 = Debug|Any CPU
		{767A600E-EAFF-401D-B165-7E624C1F815E}.Release|Any CPU.ActiveCfg = Release|Any CPU
		{767A600E-EAFF-401D-B165-7E624C1F815E}.Release|Any CPU.Build.0 = Release|Any CPU
		{91A2C012-4463-4485-8746-55C7174AC952}.Debug|Any CPU.ActiveCfg = Debug|Any CPU
		{91A2C012-4463-4485-8746-55C7174AC952}.Debug|Any CPU.Build.0 = Debug|Any CPU
		{91A2C012-4463-4485-8746-55C7174AC952}.Release|Any CPU.ActiveCfg = Release|Any CPU
		{91A2C012-4463-4485-8746-55C7174AC952}.Release|Any CPU.Build.0 = Release|Any CPU
	EndGlobalSection
	GlobalSection(SolutionProperties) = preSolution
		HideSolutionNode = FALSE
	EndGlobalSection
EndGlobal
